// !$*UTF8*$!
{
	archiveVersion = 1;
	classes = {
	};
	objectVersion = 48;
	objects = {

/* Begin PBXBuildFile section */
		9A25D10D1FB94B860011CFF5 /* AppDelegate.swift in Sources */ = {isa = PBXBuildFile; fileRef = 9A25D10C1FB94B860011CFF5 /* AppDelegate.swift */; };
		9A25D10F1FB94B860011CFF5 /* ViewController.swift in Sources */ = {isa = PBXBuildFile; fileRef = 9A25D10E1FB94B860011CFF5 /* ViewController.swift */; };
		9A25D1121FB94B860011CFF5 /* Main.storyboard in Resources */ = {isa = PBXBuildFile; fileRef = 9A25D1101FB94B860011CFF5 /* Main.storyboard */; };
		9A25D1141FB94B860011CFF5 /* Assets.xcassets in Resources */ = {isa = PBXBuildFile; fileRef = 9A25D1131FB94B860011CFF5 /* Assets.xcassets */; };
		9A25D1171FB94B860011CFF5 /* LaunchScreen.storyboard in Resources */ = {isa = PBXBuildFile; fileRef = 9A25D1151FB94B860011CFF5 /* LaunchScreen.storyboard */; };
		9A25D1221FB94B870011CFF5 /* KontakOSAlamofireTests.swift in Sources */ = {isa = PBXBuildFile; fileRef = 9A25D1211FB94B870011CFF5 /* KontakOSAlamofireTests.swift */; };
		9A25D12D1FB94B870011CFF5 /* KontakOSAlamofireUITests.swift in Sources */ = {isa = PBXBuildFile; fileRef = 9A25D12C1FB94B870011CFF5 /* KontakOSAlamofireUITests.swift */; };
		9ACB0DAD1FB953DA009C25E5 /* KontakTableViewCell.swift in Sources */ = {isa = PBXBuildFile; fileRef = 9ACB0DAC1FB953DA009C25E5 /* KontakTableViewCell.swift */; };
		9ACB0DAF1FB95490009C25E5 /* KontakTableViewController.swift in Sources */ = {isa = PBXBuildFile; fileRef = 9ACB0DAE1FB95490009C25E5 /* KontakTableViewController.swift */; };
		9ACB0DB11FB97A24009C25E5 /* DetailViewController.swift in Sources */ = {isa = PBXBuildFile; fileRef = 9ACB0DB01FB97A24009C25E5 /* DetailViewController.swift */; };
		9ACB0DB31FB97A78009C25E5 /* ModelKontak.swift in Sources */ = {isa = PBXBuildFile; fileRef = 9ACB0DB21FB97A78009C25E5 /* ModelKontak.swift */; };
		DAED7E44E584EF15D774AD04 /* Pods_KontakOSAlamofire.framework in Frameworks */ = {isa = PBXBuildFile; fileRef = EF1A06D3E5C5F1E745694B48 /* Pods_KontakOSAlamofire.framework */; };
/* End PBXBuildFile section */

/* Begin PBXContainerItemProxy section */
		9A25D11E1FB94B870011CFF5 /* PBXContainerItemProxy */ = {
			isa = PBXContainerItemProxy;
			containerPortal = 9A25D1011FB94B860011CFF5 /* Project object */;
			proxyType = 1;
			remoteGlobalIDString = 9A25D1081FB94B860011CFF5;
			remoteInfo = KontakOSAlamofire;
		};
		9A25D1291FB94B870011CFF5 /* PBXContainerItemProxy */ = {
			isa = PBXContainerItemProxy;
			containerPortal = 9A25D1011FB94B860011CFF5 /* Project object */;
			proxyType = 1;
			remoteGlobalIDString = 9A25D1081FB94B860011CFF5;
			remoteInfo = KontakOSAlamofire;
		};
/* End PBXContainerItemProxy section */

/* Begin PBXFileReference section */
		53ED7E7623DA5FFEE8592803 /* Pods-KontakOSAlamofire.debug.xcconfig */ = {isa = PBXFileReference; includeInIndex = 1; lastKnownFileType = text.xcconfig; name = "Pods-KontakOSAlamofire.debug.xcconfig"; path = "Pods/Target Support Files/Pods-KontakOSAlamofire/Pods-KontakOSAlamofire.debug.xcconfig"; sourceTree = "<group>"; };
		9A25D1091FB94B860011CFF5 /* KontakOSAlamofire.app */ = {isa = PBXFileReference; explicitFileType = wrapper.application; includeInIndex = 0; path = KontakOSAlamofire.app; sourceTree = BUILT_PRODUCTS_DIR; };
		9A25D10C1FB94B860011CFF5 /* AppDelegate.swift */ = {isa = PBXFileReference; lastKnownFileType = sourcecode.swift; path = AppDelegate.swift; sourceTree = "<group>"; };
		9A25D10E1FB94B860011CFF5 /* ViewController.swift */ = {isa = PBXFileReference; lastKnownFileType = sourcecode.swift; path = ViewController.swift; sourceTree = "<group>"; };
		9A25D1111FB94B860011CFF5 /* Base */ = {isa = PBXFileReference; lastKnownFileType = file.storyboard; name = Base; path = Base.lproj/Main.storyboard; sourceTree = "<group>"; };
		9A25D1131FB94B860011CFF5 /* Assets.xcassets */ = {isa = PBXFileReference; lastKnownFileType = folder.assetcatalog; path = Assets.xcassets; sourceTree = "<group>"; };
		9A25D1161FB94B860011CFF5 /* Base */ = {isa = PBXFileReference; lastKnownFileType = file.storyboard; name = Base; path = Base.lproj/LaunchScreen.storyboard; sourceTree = "<group>"; };
		9A25D1181FB94B860011CFF5 /* Info.plist */ = {isa = PBXFileReference; lastKnownFileType = text.plist.xml; path = Info.plist; sourceTree = "<group>"; };
		9A25D11D1FB94B870011CFF5 /* KontakOSAlamofireTests.xctest */ = {isa = PBXFileReference; explicitFileType = wrapper.cfbundle; includeInIndex = 0; path = KontakOSAlamofireTests.xctest; sourceTree = BUILT_PRODUCTS_DIR; };
		9A25D1211FB94B870011CFF5 /* KontakOSAlamofireTests.swift */ = {isa = PBXFileReference; lastKnownFileType = sourcecode.swift; path = KontakOSAlamofireTests.swift; sourceTree = "<group>"; };
		9A25D1231FB94B870011CFF5 /* Info.plist */ = {isa = PBXFileReference; lastKnownFileType = text.plist.xml; path = Info.plist; sourceTree = "<group>"; };
		9A25D1281FB94B870011CFF5 /* KontakOSAlamofireUITests.xctest */ = {isa = PBXFileReference; explicitFileType = wrapper.cfbundle; includeInIndex = 0; path = KontakOSAlamofireUITests.xctest; sourceTree = BUILT_PRODUCTS_DIR; };
		9A25D12C1FB94B870011CFF5 /* KontakOSAlamofireUITests.swift */ = {isa = PBXFileReference; lastKnownFileType = sourcecode.swift; path = KontakOSAlamofireUITests.swift; sourceTree = "<group>"; };
		9A25D12E1FB94B870011CFF5 /* Info.plist */ = {isa = PBXFileReference; lastKnownFileType = text.plist.xml; path = Info.plist; sourceTree = "<group>"; };
		9ACB0DAC1FB953DA009C25E5 /* KontakTableViewCell.swift */ = {isa = PBXFileReference; lastKnownFileType = sourcecode.swift; path = KontakTableViewCell.swift; sourceTree = "<group>"; };
		9ACB0DAE1FB95490009C25E5 /* KontakTableViewController.swift */ = {isa = PBXFileReference; lastKnownFileType = sourcecode.swift; path = KontakTableViewController.swift; sourceTree = "<group>"; };
		9ACB0DB01FB97A24009C25E5 /* DetailViewController.swift */ = {isa = PBXFileReference; lastKnownFileType = sourcecode.swift; path = DetailViewController.swift; sourceTree = "<group>"; };
		9ACB0DB21FB97A78009C25E5 /* ModelKontak.swift */ = {isa = PBXFileReference; lastKnownFileType = sourcecode.swift; path = ModelKontak.swift; sourceTree = "<group>"; };
		DD00291E085B5CA9EB1D10C9 /* Pods-KontakOSAlamofire.release.xcconfig */ = {isa = PBXFileReference; includeInIndex = 1; lastKnownFileType = text.xcconfig; name = "Pods-KontakOSAlamofire.release.xcconfig"; path = "Pods/Target Support Files/Pods-KontakOSAlamofire/Pods-KontakOSAlamofire.release.xcconfig"; sourceTree = "<group>"; };
		EF1A06D3E5C5F1E745694B48 /* Pods_KontakOSAlamofire.framework */ = {isa = PBXFileReference; explicitFileType = wrapper.framework; includeInIndex = 0; path = Pods_KontakOSAlamofire.framework; sourceTree = BUILT_PRODUCTS_DIR; };
/* End PBXFileReference section */

/* Begin PBXFrameworksBuildPhase section */
		9A25D1061FB94B860011CFF5 /* Frameworks */ = {
			isa = PBXFrameworksBuildPhase;
			buildActionMask = 2147483647;
			files = (
				DAED7E44E584EF15D774AD04 /* Pods_KontakOSAlamofire.framework in Frameworks */,
			);
			runOnlyForDeploymentPostprocessing = 0;
		};
		9A25D11A1FB94B870011CFF5 /* Frameworks */ = {
			isa = PBXFrameworksBuildPhase;
			buildActionMask = 2147483647;
			files = (
			);
			runOnlyForDeploymentPostprocessing = 0;
		};
		9A25D1251FB94B870011CFF5 /* Frameworks */ = {
			isa = PBXFrameworksBuildPhase;
			buildActionMask = 2147483647;
			files = (
			);
			runOnlyForDeploymentPostprocessing = 0;
		};
/* End PBXFrameworksBuildPhase section */

/* Begin PBXGroup section */
		9A25D1001FB94B860011CFF5 = {
			isa = PBXGroup;
			children = (
				9A25D10B1FB94B860011CFF5 /* KontakOSAlamofire */,
				9A25D1201FB94B870011CFF5 /* KontakOSAlamofireTests */,
				9A25D12B1FB94B870011CFF5 /* KontakOSAlamofireUITests */,
				9A25D10A1FB94B860011CFF5 /* Products */,
				BFA630B3D54FFF45C78DAAF7 /* Pods */,
				A81F62D75BD063AF9723D6C4 /* Frameworks */,
			);
			sourceTree = "<group>";
		};
		9A25D10A1FB94B860011CFF5 /* Products */ = {
			isa = PBXGroup;
			children = (
				9A25D1091FB94B860011CFF5 /* KontakOSAlamofire.app */,
				9A25D11D1FB94B870011CFF5 /* KontakOSAlamofireTests.xctest */,
				9A25D1281FB94B870011CFF5 /* KontakOSAlamofireUITests.xctest */,
			);
			name = Products;
			sourceTree = "<group>";
		};
		9A25D10B1FB94B860011CFF5 /* KontakOSAlamofire */ = {
			isa = PBXGroup;
			children = (
				9A25D10C1FB94B860011CFF5 /* AppDelegate.swift */,
				9A25D10E1FB94B860011CFF5 /* ViewController.swift */,
				9A25D1101FB94B860011CFF5 /* Main.storyboard */,
				9A25D1131FB94B860011CFF5 /* Assets.xcassets */,
				9A25D1151FB94B860011CFF5 /* LaunchScreen.storyboard */,
				9A25D1181FB94B860011CFF5 /* Info.plist */,
				9ACB0DAC1FB953DA009C25E5 /* KontakTableViewCell.swift */,
				9ACB0DAE1FB95490009C25E5 /* KontakTableViewController.swift */,
				9ACB0DB01FB97A24009C25E5 /* DetailViewController.swift */,
				9ACB0DB21FB97A78009C25E5 /* ModelKontak.swift */,
			);
			path = KontakOSAlamofire;
			sourceTree = "<group>";
		};
		9A25D1201FB94B870011CFF5 /* KontakOSAlamofireTests */ = {
			isa = PBXGroup;
			children = (
				9A25D1211FB94B870011CFF5 /* KontakOSAlamofireTests.swift */,
				9A25D1231FB94B870011CFF5 /* Info.plist */,
			);
			path = KontakOSAlamofireTests;
			sourceTree = "<group>";
		};
		9A25D12B1FB94B870011CFF5 /* KontakOSAlamofireUITests */ = {
			isa = PBXGroup;
			children = (
				9A25D12C1FB94B870011CFF5 /* KontakOSAlamofireUITests.swift */,
				9A25D12E1FB94B870011CFF5 /* Info.plist */,
			);
			path = KontakOSAlamofireUITests;
			sourceTree = "<group>";
		};
		A81F62D75BD063AF9723D6C4 /* Frameworks */ = {
			isa = PBXGroup;
			children = (
				EF1A06D3E5C5F1E745694B48 /* Pods_KontakOSAlamofire.framework */,
			);
			name = Frameworks;
			sourceTree = "<group>";
		};
		BFA630B3D54FFF45C78DAAF7 /* Pods */ = {
			isa = PBXGroup;
			children = (
				53ED7E7623DA5FFEE8592803 /* Pods-KontakOSAlamofire.debug.xcconfig */,
				DD00291E085B5CA9EB1D10C9 /* Pods-KontakOSAlamofire.release.xcconfig */,
			);
			name = Pods;
			sourceTree = "<group>";
		};
/* End PBXGroup section */

/* Begin PBXNativeTarget section */
		9A25D1081FB94B860011CFF5 /* KontakOSAlamofire */ = {
			isa = PBXNativeTarget;
			buildConfigurationList = 9A25D1311FB94B870011CFF5 /* Build configuration list for PBXNativeTarget "KontakOSAlamofire" */;
			buildPhases = (
				C1612DB58BB6A72E87D91249 /* [CP] Check Pods Manifest.lock */,
				9A25D1051FB94B860011CFF5 /* Sources */,
				9A25D1061FB94B860011CFF5 /* Frameworks */,
				9A25D1071FB94B860011CFF5 /* Resources */,
				C30B0F8354BC7A0E58AEEAE8 /* [CP] Embed Pods Frameworks */,
				2D969F7D23DCFE9E1B74F705 /* [CP] Copy Pods Resources */,
			);
			buildRules = (
			);
			dependencies = (
			);
			name = KontakOSAlamofire;
			productName = KontakOSAlamofire;
			productReference = 9A25D1091FB94B860011CFF5 /* KontakOSAlamofire.app */;
			productType = "com.apple.product-type.application";
		};
		9A25D11C1FB94B870011CFF5 /* KontakOSAlamofireTests */ = {
			isa = PBXNativeTarget;
			buildConfigurationList = 9A25D1341FB94B870011CFF5 /* Build configuration list for PBXNativeTarget "KontakOSAlamofireTests" */;
			buildPhases = (
				9A25D1191FB94B870011CFF5 /* Sources */,
				9A25D11A1FB94B870011CFF5 /* Frameworks */,
				9A25D11B1FB94B870011CFF5 /* Resources */,
			);
			buildRules = (
			);
			dependencies = (
				9A25D11F1FB94B870011CFF5 /* PBXTargetDependency */,
			);
			name = KontakOSAlamofireTests;
			productName = KontakOSAlamofireTests;
			productReference = 9A25D11D1FB94B870011CFF5 /* KontakOSAlamofireTests.xctest */;
			productType = "com.apple.product-type.bundle.unit-test";
		};
		9A25D1271FB94B870011CFF5 /* KontakOSAlamofireUITests */ = {
			isa = PBXNativeTarget;
			buildConfigurationList = 9A25D1371FB94B870011CFF5 /* Build configuration list for PBXNativeTarget "KontakOSAlamofireUITests" */;
			buildPhases = (
				9A25D1241FB94B870011CFF5 /* Sources */,
				9A25D1251FB94B870011CFF5 /* Frameworks */,
				9A25D1261FB94B870011CFF5 /* Resources */,
			);
			buildRules = (
			);
			dependencies = (
				9A25D12A1FB94B870011CFF5 /* PBXTargetDependency */,
			);
			name = KontakOSAlamofireUITests;
			productName = KontakOSAlamofireUITests;
			productReference = 9A25D1281FB94B870011CFF5 /* KontakOSAlamofireUITests.xctest */;
			productType = "com.apple.product-type.bundle.ui-testing";
		};
/* End PBXNativeTarget section */

/* Begin PBXProject section */
		9A25D1011FB94B860011CFF5 /* Project object */ = {
			isa = PBXProject;
			attributes = {
				LastSwiftUpdateCheck = 0900;
				LastUpgradeCheck = 0900;
				ORGANIZATIONNAME = "Rizki Syaputra";
				TargetAttributes = {
					9A25D1081FB94B860011CFF5 = {
						CreatedOnToolsVersion = 9.0.1;
						ProvisioningStyle = Automatic;
					};
					9A25D11C1FB94B870011CFF5 = {
						CreatedOnToolsVersion = 9.0.1;
						ProvisioningStyle = Automatic;
						TestTargetID = 9A25D1081FB94B860011CFF5;
					};
					9A25D1271FB94B870011CFF5 = {
						CreatedOnToolsVersion = 9.0.1;
						ProvisioningStyle = Automatic;
						TestTargetID = 9A25D1081FB94B860011CFF5;
					};
				};
			};
			buildConfigurationList = 9A25D1041FB94B860011CFF5 /* Build configuration list for PBXProject "KontakOSAlamofire" */;
			compatibilityVersion = "Xcode 8.0";
			developmentRegion = en;
			hasScannedForEncodings = 0;
			knownRegions = (
				en,
				Base,
			);
			mainGroup = 9A25D1001FB94B860011CFF5;
			productRefGroup = 9A25D10A1FB94B860011CFF5 /* Products */;
			projectDirPath = "";
			projectRoot = "";
			targets = (
				9A25D1081FB94B860011CFF5 /* KontakOSAlamofire */,
				9A25D11C1FB94B870011CFF5 /* KontakOSAlamofireTests */,
				9A25D1271FB94B870011CFF5 /* KontakOSAlamofireUITests */,
			);
		};
/* End PBXProject section */

/* Begin PBXResourcesBuildPhase section */
		9A25D1071FB94B860011CFF5 /* Resources */ = {
			isa = PBXResourcesBuildPhase;
			buildActionMask = 2147483647;
			files = (
				9A25D1171FB94B860011CFF5 /* LaunchScreen.storyboard in Resources */,
				9A25D1141FB94B860011CFF5 /* Assets.xcassets in Resources */,
				9A25D1121FB94B860011CFF5 /* Main.storyboard in Resources */,
			);
			runOnlyForDeploymentPostprocessing = 0;
		};
		9A25D11B1FB94B870011CFF5 /* Resources */ = {
			isa = PBXResourcesBuildPhase;
			buildActionMask = 2147483647;
			files = (
			);
			runOnlyForDeploymentPostprocessing = 0;
		};
		9A25D1261FB94B870011CFF5 /* Resources */ = {
			isa = PBXResourcesBuildPhase;
			buildActionMask = 2147483647;
			files = (
			);
			runOnlyForDeploymentPostprocessing = 0;
		};
/* End PBXResourcesBuildPhase section */

/* Begin PBXShellScriptBuildPhase section */
		2D969F7D23DCFE9E1B74F705 /* [CP] Copy Pods Resources */ = {
			isa = PBXShellScriptBuildPhase;
			buildActionMask = 2147483647;
			files = (
			);
			inputPaths = (
			);
			name = "[CP] Copy Pods Resources";
			outputPaths = (
			);
			runOnlyForDeploymentPostprocessing = 0;
			shellPath = /bin/sh;
			shellScript = "\"${SRCROOT}/Pods/Target Support Files/Pods-KontakOSAlamofire/Pods-KontakOSAlamofire-resources.sh\"\n";
			showEnvVarsInLog = 0;
		};
		C1612DB58BB6A72E87D91249 /* [CP] Check Pods Manifest.lock */ = {
			isa = PBXShellScriptBuildPhase;
			buildActionMask = 2147483647;
			files = (
			);
			inputPaths = (
				"${PODS_PODFILE_DIR_PATH}/Podfile.lock",
				"${PODS_ROOT}/Manifest.lock",
			);
			name = "[CP] Check Pods Manifest.lock";
			outputPaths = (
				"$(DERIVED_FILE_DIR)/Pods-KontakOSAlamofire-checkManifestLockResult.txt",
			);
			runOnlyForDeploymentPostprocessing = 0;
			shellPath = /bin/sh;
			shellScript = "diff \"${PODS_PODFILE_DIR_PATH}/Podfile.lock\" \"${PODS_ROOT}/Manifest.lock\" > /dev/null\nif [ $? != 0 ] ; then\n    # print error to STDERR\n    echo \"error: The sandbox is not in sync with the Podfile.lock. Run 'pod install' or update your CocoaPods installation.\" >&2\n    exit 1\nfi\n# This output is used by Xcode 'outputs' to avoid re-running this script phase.\necho \"SUCCESS\" > \"${SCRIPT_OUTPUT_FILE_0}\"\n";
			showEnvVarsInLog = 0;
		};
		C30B0F8354BC7A0E58AEEAE8 /* [CP] Embed Pods Frameworks */ = {
			isa = PBXShellScriptBuildPhase;
			buildActionMask = 2147483647;
			files = (
			);
			inputPaths = (
				"${SRCROOT}/Pods/Target Support Files/Pods-KontakOSAlamofire/Pods-KontakOSAlamofire-frameworks.sh",
				"${BUILT_PRODUCTS_DIR}/Alamofire/Alamofire.framework",
				"${BUILT_PRODUCTS_DIR}/SwiftyJSON/SwiftyJSON.framework",
			);
			name = "[CP] Embed Pods Frameworks";
			outputPaths = (
				"${TARGET_BUILD_DIR}/${FRAMEWORKS_FOLDER_PATH}/Alamofire.framework",
				"${TARGET_BUILD_DIR}/${FRAMEWORKS_FOLDER_PATH}/SwiftyJSON.framework",
			);
			runOnlyForDeploymentPostprocessing = 0;
			shellPath = /bin/sh;
			shellScript = "\"${SRCROOT}/Pods/Target Support Files/Pods-KontakOSAlamofire/Pods-KontakOSAlamofire-frameworks.sh\"\n";
			showEnvVarsInLog = 0;
		};
/* End PBXShellScriptBuildPhase section */

/* Begin PBXSourcesBuildPhase section */
		9A25D1051FB94B860011CFF5 /* Sources */ = {
			isa = PBXSourcesBuildPhase;
			buildActionMask = 2147483647;
			files = (
				9A25D10F1FB94B860011CFF5 /* ViewController.swift in Sources */,
				9ACB0DB31FB97A78009C25E5 /* ModelKontak.swift in Sources */,
				9ACB0DAF1FB95490009C25E5 /* KontakTableViewController.swift in Sources */,
				9ACB0DB11FB97A24009C25E5 /* DetailViewController.swift in Sources */,
				9A25D10D1FB94B860011CFF5 /* AppDelegate.swift in Sources */,
				9ACB0DAD1FB953DA009C25E5 /* KontakTableViewCell.swift in Sources */,
			);
			runOnlyForDeploymentPostprocessing = 0;
		};
		9A25D1191FB94B870011CFF5 /* Sources */ = {
			isa = PBXSourcesBuildPhase;
			buildActionMask = 2147483647;
			files = (
				9A25D1221FB94B870011CFF5 /* KontakOSAlamofireTests.swift in Sources */,
			);
			runOnlyForDeploymentPostprocessing = 0;
		};
		9A25D1241FB94B870011CFF5 /* Sources */ = {
			isa = PBXSourcesBuildPhase;
			buildActionMask = 2147483647;
			files = (
				9A25D12D1FB94B870011CFF5 /* KontakOSAlamofireUITests.swift in Sources */,
			);
			runOnlyForDeploymentPostprocessing = 0;
		};
/* End PBXSourcesBuildPhase section */

/* Begin PBXTargetDependency section */
		9A25D11F1FB94B870011CFF5 /* PBXTargetDependency */ = {
			isa = PBXTargetDependency;
			target = 9A25D1081FB94B860011CFF5 /* KontakOSAlamofire */;
			targetProxy = 9A25D11E1FB94B870011CFF5 /* PBXContainerItemProxy */;
		};
		9A25D12A1FB94B870011CFF5 /* PBXTargetDependency */ = {
			isa = PBXTargetDependency;
			target = 9A25D1081FB94B860011CFF5 /* KontakOSAlamofire */;
			targetProxy = 9A25D1291FB94B870011CFF5 /* PBXContainerItemProxy */;
		};
/* End PBXTargetDependency section */

/* Begin PBXVariantGroup section */
		9A25D1101FB94B860011CFF5 /* Main.storyboard */ = {
			isa = PBXVariantGroup;
			children = (
				9A25D1111FB94B860011CFF5 /* Base */,
			);
			name = Main.storyboard;
			sourceTree = "<group>";
		};
		9A25D1151FB94B860011CFF5 /* LaunchScreen.storyboard */ = {
			isa = PBXVariantGroup;
			children = (
				9A25D1161FB94B860011CFF5 /* Base */,
			);
			name = LaunchScreen.storyboard;
			sourceTree = "<group>";
		};
/* End PBXVariantGroup section */

/* Begin XCBuildConfiguration section */
		9A25D12F1FB94B870011CFF5 /* Debug */ = {
			isa = XCBuildConfiguration;
			buildSettings = {
				ALWAYS_SEARCH_USER_PATHS = NO;
				CLANG_ANALYZER_NONNULL = YES;
				CLANG_ANALYZER_NUMBER_OBJECT_CONVERSION = YES_AGGRESSIVE;
				CLANG_CXX_LANGUAGE_STANDARD = "gnu++14";
				CLANG_CXX_LIBRARY = "libc++";
				CLANG_ENABLE_MODULES = YES;
				CLANG_ENABLE_OBJC_ARC = YES;
				CLANG_WARN_BLOCK_CAPTURE_AUTORELEASING = YES;
				CLANG_WARN_BOOL_CONVERSION = YES;
				CLANG_WARN_COMMA = YES;
				CLANG_WARN_CONSTANT_CONVERSION = YES;
				CLANG_WARN_DIRECT_OBJC_ISA_USAGE = YES_ERROR;
				CLANG_WARN_DOCUMENTATION_COMMENTS = YES;
				CLANG_WARN_EMPTY_BODY = YES;
				CLANG_WARN_ENUM_CONVERSION = YES;
				CLANG_WARN_INFINITE_RECURSION = YES;
				CLANG_WARN_INT_CONVERSION = YES;
				CLANG_WARN_NON_LITERAL_NULL_CONVERSION = YES;
				CLANG_WARN_OBJC_LITERAL_CONVERSION = YES;
				CLANG_WARN_OBJC_ROOT_CLASS = YES_ERROR;
				CLANG_WARN_RANGE_LOOP_ANALYSIS = YES;
				CLANG_WARN_STRICT_PROTOTYPES = YES;
				CLANG_WARN_SUSPICIOUS_MOVE = YES;
				CLANG_WARN_UNGUARDED_AVAILABILITY = YES_AGGRESSIVE;
				CLANG_WARN_UNREACHABLE_CODE = YES;
				CLANG_WARN__DUPLICATE_METHOD_MATCH = YES;
				CODE_SIGN_IDENTITY = "iPhone Developer";
				COPY_PHASE_STRIP = NO;
				DEBUG_INFORMATION_FORMAT = dwarf;
				ENABLE_STRICT_OBJC_MSGSEND = YES;
				ENABLE_TESTABILITY = YES;
				GCC_C_LANGUAGE_STANDARD = gnu11;
				GCC_DYNAMIC_NO_PIC = NO;
				GCC_NO_COMMON_BLOCKS = YES;
				GCC_OPTIMIZATION_LEVEL = 0;
				GCC_PREPROCESSOR_DEFINITIONS = (
					"DEBUG=1",
					"$(inherited)",
				);
				GCC_WARN_64_TO_32_BIT_CONVERSION = YES;
				GCC_WARN_ABOUT_RETURN_TYPE = YES_ERROR;
				GCC_WARN_UNDECLARED_SELECTOR = YES;
				GCC_WARN_UNINITIALIZED_AUTOS = YES_AGGRESSIVE;
				GCC_WARN_UNUSED_FUNCTION = YES;
				GCC_WARN_UNUSED_VARIABLE = YES;
				IPHONEOS_DEPLOYMENT_TARGET = 11.0;
				MTL_ENABLE_DEBUG_INFO = YES;
				ONLY_ACTIVE_ARCH = YES;
				SDKROOT = iphoneos;
				SWIFT_ACTIVE_COMPILATION_CONDITIONS = DEBUG;
				SWIFT_OPTIMIZATION_LEVEL = "-Onone";
			};
			name = Debug;
		};
		9A25D1301FB94B870011CFF5 /* Release */ = {
			isa = XCBuildConfiguration;
			buildSettings = {
				ALWAYS_SEARCH_USER_PATHS = NO;
				CLANG_ANALYZER_NONNULL = YES;
				CLANG_ANALYZER_NUMBER_OBJECT_CONVERSION = YES_AGGRESSIVE;
				CLANG_CXX_LANGUAGE_STANDARD = "gnu++14";
				CLANG_CXX_LIBRARY = "libc++";
				CLANG_ENABLE_MODULES = YES;
				CLANG_ENABLE_OBJC_ARC = YES;
				CLANG_WARN_BLOCK_CAPTURE_AUTORELEASING = YES;
				CLANG_WARN_BOOL_CONVERSION = YES;
				CLANG_WARN_COMMA = YES;
				CLANG_WARN_CONSTANT_CONVERSION = YES;
				CLANG_WARN_DIRECT_OBJC_ISA_USAGE = YES_ERROR;
				CLANG_WARN_DOCUMENTATION_COMMENTS = YES;
				CLANG_WARN_EMPTY_BODY = YES;
				CLANG_WARN_ENUM_CONVERSION = YES;
				CLANG_WARN_INFINITE_RECURSION = YES;
				CLANG_WARN_INT_CONVERSION = YES;
				CLANG_WARN_NON_LITERAL_NULL_CONVERSION = YES;
				CLANG_WARN_OBJC_LITERAL_CONVERSION = YES;
				CLANG_WARN_OBJC_ROOT_CLASS = YES_ERROR;
				CLANG_WARN_RANGE_LOOP_ANALYSIS = YES;
				CLANG_WARN_STRICT_PROTOTYPES = YES;
				CLANG_WARN_SUSPICIOUS_MOVE = YES;
				CLANG_WARN_UNGUARDED_AVAILABILITY = YES_AGGRESSIVE;
				CLANG_WARN_UNREACHABLE_CODE = YES;
				CLANG_WARN__DUPLICATE_METHOD_MATCH = YES;
				CODE_SIGN_IDENTITY = "iPhone Developer";
				COPY_PHASE_STRIP = NO;
				DEBUG_INFORMATION_FORMAT = "dwarf-with-dsym";
				ENABLE_NS_ASSERTIONS = NO;
				ENABLE_STRICT_OBJC_MSGSEND = YES;
				GCC_C_LANGUAGE_STANDARD = gnu11;
				GCC_NO_COMMON_BLOCKS = YES;
				GCC_WARN_64_TO_32_BIT_CONVERSION = YES;
				GCC_WARN_ABOUT_RETURN_TYPE = YES_ERROR;
				GCC_WARN_UNDECLARED_SELECTOR = YES;
				GCC_WARN_UNINITIALIZED_AUTOS = YES_AGGRESSIVE;
				GCC_WARN_UNUSED_FUNCTION = YES;
				GCC_WARN_UNUSED_VARIABLE = YES;
				IPHONEOS_DEPLOYMENT_TARGET = 11.0;
				MTL_ENABLE_DEBUG_INFO = NO;
				SDKROOT = iphoneos;
				SWIFT_OPTIMIZATION_LEVEL = "-Owholemodule";
				VALIDATE_PRODUCT = YES;
			};
			name = Release;
		};
		9A25D1321FB94B870011CFF5 /* Debug */ = {
			isa = XCBuildConfiguration;
			baseConfigurationReference = 53ED7E7623DA5FFEE8592803 /* Pods-KontakOSAlamofire.debug.xcconfig */;
			buildSettings = {
				ASSETCATALOG_COMPILER_APPICON_NAME = AppIcon;
				CODE_SIGN_STYLE = Automatic;
				DEVELOPMENT_TEAM = QN236W67X5;
				INFOPLIST_FILE = KontakOSAlamofire/Info.plist;
				LD_RUNPATH_SEARCH_PATHS = "$(inherited) @executable_path/Frameworks";
				PRODUCT_BUNDLE_IDENTIFIER = programmermuslim.KontakOSAlamofire;
				PRODUCT_NAME = "$(TARGET_NAME)";
				SWIFT_VERSION = 4.0;
				TARGETED_DEVICE_FAMILY = "1,2";
			};
			name = Debug;
		};
		9A25D1331FB94B870011CFF5 /* Release */ = {
			isa = XCBuildConfiguration;
			baseConfigurationReference = DD00291E085B5CA9EB1D10C9 /* Pods-KontakOSAlamofire.release.xcconfig */;
			buildSettings = {
				ASSETCATALOG_COMPILER_APPICON_NAME = AppIcon;
				CODE_SIGN_STYLE = Automatic;
				DEVELOPMENT_TEAM = QN236W67X5;
				INFOPLIST_FILE = KontakOSAlamofire/Info.plist;
				LD_RUNPATH_SEARCH_PATHS = "$(inherited) @executable_path/Frameworks";
				PRODUCT_BUNDLE_IDENTIFIER = programmermuslim.KontakOSAlamofire;
				PRODUCT_NAME = "$(TARGET_NAME)";
				SWIFT_VERSION = 4.0;
				TARGETED_DEVICE_FAMILY = "1,2";
			};
			name = Release;
		};
		9A25D1351FB94B870011CFF5 /* Debug */ = {
			isa = XCBuildConfiguration;
			buildSettings = {
				ALWAYS_EMBED_SWIFT_STANDARD_LIBRARIES = YES;
				BUNDLE_LOADER = "$(TEST_HOST)";
				CODE_SIGN_STYLE = Automatic;
				DEVELOPMENT_TEAM = QN236W67X5;
				INFOPLIST_FILE = KontakOSAlamofireTests/Info.plist;
				LD_RUNPATH_SEARCH_PATHS = "$(inherited) @executable_path/Frameworks @loader_path/Frameworks";
				PRODUCT_BUNDLE_IDENTIFIER = programmermuslim.KontakOSAlamofireTests;
				PRODUCT_NAME = "$(TARGET_NAME)";
				SWIFT_VERSION = 4.0;
				TARGETED_DEVICE_FAMILY = "1,2";
				TEST_HOST = "$(BUILT_PRODUCTS_DIR)/KontakOSAlamofire.app/KontakOSAlamofire";
			};
			name = Debug;
		};
		9A25D1361FB94B870011CFF5 /* Release */ = {
			isa = XCBuildConfiguration;
			buildSettings = {
				ALWAYS_EMBED_SWIFT_STANDARD_LIBRARIES = YES;
				BUNDLE_LOADER = "$(TEST_HOST)";
				CODE_SIGN_STYLE = Automatic;
				DEVELOPMENT_TEAM = QN236W67X5;
				INFOPLIST_FILE = KontakOSAlamofireTests/Info.plist;
				LD_RUNPATH_SEARCH_PATHS = "$(inherited) @executable_path/Frameworks @loader_path/Frameworks";
				PRODUCT_BUNDLE_IDENTIFIER = programmermuslim.KontakOSAlamofireTests;
				PRODUCT_NAME = "$(TARGET_NAME)";
				SWIFT_VERSION = 4.0;
				TARGETED_DEVICE_FAMILY = "1,2";
				TEST_HOST = "$(BUILT_PRODUCTS_DIR)/KontakOSAlamofire.app/KontakOSAlamofire";
			};
			name = Release;
		};
		9A25D1381FB94B870011CFF5 /* Debug */ = {
			isa = XCBuildConfiguration;
			buildSettings = {
				ALWAYS_EMBED_SWIFT_STANDARD_LIBRARIES = YES;
				CODE_SIGN_STYLE = Automatic;
				DEVELOPMENT_TEAM = QN236W67X5;
				INFOPLIST_FILE = KontakOSAlamofireUITests/Info.plist;
				LD_RUNPATH_SEARCH_PATHS = "$(inherited) @executable_path/Frameworks @loader_path/Frameworks";
				PRODUCT_BUNDLE_IDENTIFIER = programmermuslim.KontakOSAlamofireUITests;
				PRODUCT_NAME = "$(TARGET_NAME)";
				SWIFT_VERSION = 4.0;
				TARGETED_DEVICE_FAMILY = "1,2";
				TEST_TARGET_NAME = KontakOSAlamofire;
			};
			name = Debug;
		};
		9A25D1391FB94B870011CFF5 /* Release */ = {
			isa = XCBuildConfiguration;
			buildSettings = {
				ALWAYS_EMBED_SWIFT_STANDARD_LIBRARIES = YES;
				CODE_SIGN_STYLE = Automatic;
				DEVELOPMENT_TEAM = QN236W67X5;
				INFOPLIST_FILE = KontakOSAlamofireUITests/Info.plist;
				LD_RUNPATH_SEARCH_PATHS = "$(inherited) @executable_path/Frameworks @loader_path/Frameworks";
				PRODUCT_BUNDLE_IDENTIFIER = programmermuslim.KontakOSAlamofireUITests;
				PRODUCT_NAME = "$(TARGET_NAME)";
				SWIFT_VERSION = 4.0;
				TARGETED_DEVICE_FAMILY = "1,2";
				TEST_TARGET_NAME = KontakOSAlamofire;
			};
			name = Release;
		};
/* End XCBuildConfiguration section */

/* Begin XCConfigurationList section */
		9A25D1041FB94B860011CFF5 /* Build configuration list for PBXProject "KontakOSAlamofire" */ = {
			isa = XCConfigurationList;
			buildConfigurations = (
				9A25D12F1FB94B870011CFF5 /* Debug */,
				9A25D1301FB94B870011CFF5 /* Release */,
			);
			defaultConfigurationIsVisible = 0;
			defaultConfigurationName = Release;
		};
		9A25D1311FB94B870011CFF5 /* Build configuration list for PBXNativeTarget "KontakOSAlamofire" */ = {
			isa = XCConfigurationList;
			buildConfigurations = (
				9A25D1321FB94B870011CFF5 /* Debug */,
				9A25D1331FB94B870011CFF5 /* Release */,
			);
			defaultConfigurationIsVisible = 0;
			defaultConfigurationName = Release;
		};
		9A25D1341FB94B870011CFF5 /* Build configuration list for PBXNativeTarget "KontakOSAlamofireTests" */ = {
			isa = XCConfigurationList;
			buildConfigurations = (
				9A25D1351FB94B870011CFF5 /* Debug */,
				9A25D1361FB94B870011CFF5 /* Release */,
			);
			defaultConfigurationIsVisible = 0;
			defaultConfigurationName = Release;
		};
		9A25D1371FB94B870011CFF5 /* Build configuration list for PBXNativeTarget "KontakOSAlamofireUITests" */ = {
			isa = XCConfigurationList;
			buildConfigurations = (
				9A25D1381FB94B870011CFF5 /* Debug */,
				9A25D1391FB94B870011CFF5 /* Release */,
			);
			defaultConfigurationIsVisible = 0;
			defaultConfigurationName = Release;
		};
/* End XCConfigurationList section */
	};
	rootObject = 9A25D1011FB94B860011CFF5 /* Project object */;
}
